{
  "name": "project-ex03",
  "version": "1.0.0",
  "lockfileVersion": 2,
  "requires": true,
  "packages": {
    "": {
      "name": "project-ex03",
      "version": "1.0.0",
      "license": "ISC",
      "dependencies": {
        "douzone-hyeon-math": "^1.0.0"
      }
    },
    "node_modules/douzone-hyeon-math": {
      "version": "1.0.0",
      "resolved": "https://registry.npmjs.org/douzone-hyeon-math/-/douzone-hyeon-math-1.0.0.tgz",
      "integrity": "sha512-3hrmcVSdjtx9vaS0m8xwc108yC44RzvGTSs6s14fDyZd3l+mCEbadB4IX/aezyvttrAN6dRQbwwMJIZeYDeqMQ=="
    }
  },
  "dependencies": {
    "douzone-hyeon-math": {
      "version": "1.0.0",
      "resolved": "https://registry.npmjs.org/douzone-hyeon-math/-/douzone-hyeon-math-1.0.0.tgz",
      "integrity": "sha512-3hrmcVSdjtx9vaS0m8xwc108yC44RzvGTSs6s14fDyZd3l+mCEbadB4IX/aezyvttrAN6dRQbwwMJIZeYDeqMQ=="
    }
  }
}
